
Microsoft Visual Studio Solution File, Format Version 12.00
# Visual Studio Version 17
VisualStudioVersion = 17.4.33213.308
MinimumVisualStudioVersion = 10.0.40219.1
Project("{FAE04EC0-301F-11D3-BF4B-00C04F79EFBC}") = "ServerskiInterfejs", "FrmServer\ServerskiInterfejs.csproj", "{0849FC56-A47D-4DFB-8BB9-09909170313D}"
EndProject
Project("{FAE04EC0-301F-11D3-BF4B-00C04F79EFBC}") = "Domen", "Domen\Domen.csproj", "{403D097B-914A-4ACA-881A-C814DB75DBC1}"
EndProject
Project("{FAE04EC0-301F-11D3-BF4B-00C04F79EFBC}") = "KlijentskiInterfejs", "KlijentskiInterfejs\KlijentskiInterfejs.csproj", "{9DF7DAFC-382F-443C-BB75-F9EE7A63F3D6}"
EndProject
Global
	GlobalSection(SolutionConfigurationPlatforms) = preSolution
		Debug|Any CPU = Debug|Any CPU
		Release|Any CPU = Release|Any CPU
	EndGlobalSection
	GlobalSection(ProjectConfigurationPlatforms) = postSolution
		{0849FC56-A47D-4DFB-8BB9-09909170313D}.Debug|Any CPU.ActiveCfg = Debug|Any CPU
		{0849FC56-A47D-4DFB-8BB9-09909170313D}.Debug|Any CPU.Build.0 = Debug|Any CPU
		{0849FC56-A47D-4DFB-8BB9-09909170313D}.Release|Any CPU.ActiveCfg = Release|Any CPU
		{0849FC56-A47D-4DFB-8BB9-09909170313D}.Release|Any CPU.Build.0 = Release|Any CPU
		{403D097B-914A-4ACA-881A-C814DB75DBC1}.Debug|Any CPU.ActiveCfg = Debug|Any CPU
		{403D097B-914A-4ACA-881A-C814DB75DBC1}.Debug|Any CPU.Build.0 = Debug|Any CPU
		{403D097B-914A-4ACA-881A-C814DB75DBC1}.Release|Any CPU.ActiveCfg = Release|Any CPU
		{403D097B-914A-4ACA-881A-C814DB75DBC1}.Release|Any CPU.Build.0 = Release|Any CPU
		{9DF7DAFC-382F-443C-BB75-F9EE7A63F3D6}.Debug|Any CPU.ActiveCfg = Debug|Any CPU
		{9DF7DAFC-382F-443C-BB75-F9EE7A63F3D6}.Debug|Any CPU.Build.0 = Debug|Any CPU
		{9DF7DAFC-382F-443C-BB75-F9EE7A63F3D6}.Release|Any CPU.ActiveCfg = Release|Any CPU
		{9DF7DAFC-382F-443C-BB75-F9EE7A63F3D6}.Release|Any CPU.Build.0 = Release|Any CPU
	EndGlobalSection
	GlobalSection(SolutionProperties) = preSolution
		HideSolutionNode = FALSE
	EndGlobalSection
	GlobalSection(ExtensibilityGlobals) = postSolution
		SolutionGuid = {7DE12862-074E-416A-8420-EA3EB51092F3}
	EndGlobalSection
EndGlobal
